
Microsoft Visual Studio Solution File, Format Version 12.00
# Visual Studio Version 17
VisualStudioVersion = 17.3.32929.385
MinimumVisualStudioVersion = 10.0.40219.1
Project("{FAE04EC0-301F-11D3-BF4B-00C04F79EFBC}") = "double_linked_list", "double_linked_list\double_linked_list.csproj", "{DDFC692B-85CC-40A2-9EE2-4BDFFE6912E1}"
EndProject
Global
	GlobalSection(SolutionConfigurationPlatforms) = preSolution
		Debug|Any CPU = Debug|Any CPU
		Release|Any CPU = Release|Any CPU
	EndGlobalSection
	GlobalSection(ProjectConfigurationPlatforms) = postSolution
		{DDFC692B-85CC-40A2-9EE2-4BDFFE6912E1}.Debug|Any CPU.ActiveCfg = Debug|Any CPU
		{DDFC692B-85CC-40A2-9EE2-4BDFFE6912E1}.Debug|Any CPU.Build.0 = Debug|Any CPU
		{DDFC692B-85CC-40A2-9EE2-4BDFFE6912E1}.Release|Any CPU.ActiveCfg = Release|Any CPU
		{DDFC692B-85CC-40A2-9EE2-4BDFFE6912E1}.Release|Any CPU.Build.0 = Release|Any CPU
	EndGlobalSection
	GlobalSection(SolutionProperties) = preSolution
		HideSolutionNode = FALSE
	EndGlobalSection
	GlobalSection(ExtensibilityGlobals) = postSolution
		SolutionGuid = {42D43252-4C53-434C-B5CD-E4CB7379CBA7}
	EndGlobalSection
EndGlobal
